github.com/armon/go-radix v1.0.0 h1:F4z6KzEeeQIMeLFa97iZU6vupzoecKdU5TX24SNppXI=
github.com/armon/go-radix v1.0.0/go.mod h1:ufUuZ+zHj4x4TnLV4JWEpy2hxWSpsRywHrMgIH9cCH8=
github.com/felixge/httpsnoop v1.0.0 h1:gh8fMGz0rlOv/1WmRZm7OgncIOTsAj21iNJot48omJQ=
github.com/felixge/httpsnoop v1.0.0/go.mod h1:3+D9sFq0ahK/JeJPhCBUV1xlf4/eIYrUQaxulT0VzX8=
github.com/go-chi/chi/v5 v5.0.2 h1:4xKeALZdMEsuI5s05PU2Bm89Uc5iM04qFubUCl5LfAQ=
github.com/go-chi/chi/v5 v5.0.2/go.mod h1:DslCQbL2OYiznFReuXYUmQ2hGd1aDpCnlMNITLSKoi8=
github.com/golang/gddo v0.0.0-20180823221919-9d8ff1c67be5 h1:yrv1uUvgXH/tEat+wdvJMRJ4g51GlIydtDpU9pFjaaI=
github.com/golang/gddo v0.0.0-20180823221919-9d8ff1c67be5/go.mod h1:xEhNfoBDX1hzLm2Nf80qUvZ2sVwoMZ8d6IE2SrsQfh4=
github.com/google/go-cmp v0.4.1 h1:/exdXoGamhu5ONeUJH0deniYLWYvQwW66yvlfiiKTu0=
github.com/google/go-cmp v0.4.1/go.mod h1:v8dTdLbMG2kIc/vJvl+f65V22dbkXbowE6jgT/gNBxE=
github.com/mitchellh/go-server-timing v1.0.1 h1:f00/aIe8T3MrnLhQHu3tSWvnwc5GV/p5eutuu3hF/tE=
github.com/mitchellh/go-server-timing v1.0.1/go.mod h1:Mo6GKi9FSLwWFAMn3bqVPWe20y5ri5QGQuO9D9MCOxk=
go.sancus.dev/web v0.13.2 h1:qgDidWMyO/z+STfinXu+Lq4fOar27/d2pM4U1Pi+RL0=
go.sancus.dev/web v0.13.2/go.mod h1:cyTmOsurEo7XLy8abXUmobc5ViHHdxSK/rse/h9HCIg=
golang.org/x/xerrors v0.0.0-20191204190536-9bdfabe68543/go.mod h1:I/5z698sn9Ka8TeJc9MKroUUfqBBauWjQqLJ2OPfmY0=
